
Microsoft Visual Studio Solution File, Format Version 12.00
# Visual Studio Version 16
VisualStudioVersion = 16.0.31025.194
MinimumVisualStudioVersion = 10.0.40219.1
Project("{FAE04EC0-301F-11D3-BF4B-00C04F79EFBC}") = "CBRapi", "CBRapi\CBRapi.csproj", "{3EEF2FC2-9F1D-408E-B04E-DE57165B153F}"
EndProject
Global
	GlobalSection(SolutionConfigurationPlatforms) = preSolution
		Debug|Any CPU = Debug|Any CPU
		Release|Any CPU = Release|Any CPU
	EndGlobalSection
	GlobalSection(ProjectConfigurationPlatforms) = postSolution
		{3EEF2FC2-9F1D-408E-B04E-DE57165B153F}.Debug|Any CPU.ActiveCfg = Debug|Any CPU
		{3EEF2FC2-9F1D-408E-B04E-DE57165B153F}.Debug|Any CPU.Build.0 = Debug|Any CPU
		{3EEF2FC2-9F1D-408E-B04E-DE57165B153F}.Release|Any CPU.ActiveCfg = Release|Any CPU
		{3EEF2FC2-9F1D-408E-B04E-DE57165B153F}.Release|Any CPU.Build.0 = Release|Any CPU
	EndGlobalSection
	GlobalSection(SolutionProperties) = preSolution
		HideSolutionNode = FALSE
	EndGlobalSection
	GlobalSection(ExtensibilityGlobals) = postSolution
		SolutionGuid = {0D2DECA7-4DA2-4B5B-B2EC-879FE7084C39}
	EndGlobalSection
EndGlobal
